
Microsoft Visual Studio Solution File, Format Version 12.00
# Visual Studio 15
VisualStudioVersion = 15.0.28010.2041
MinimumVisualStudioVersion = 10.0.40219.1
Project("{FAE04EC0-301F-11D3-BF4B-00C04F79EFBC}") = "DbBeispiel", "DbBeispiel\DbBeispiel.csproj", "{FD20A8FB-CAB3-44D5-B857-F7939D603B57}"
EndProject
Global
	GlobalSection(SolutionConfigurationPlatforms) = preSolution
		Debug|Any CPU = Debug|Any CPU
		Release|Any CPU = Release|Any CPU
	EndGlobalSection
	GlobalSection(ProjectConfigurationPlatforms) = postSolution
		{FD20A8FB-CAB3-44D5-B857-F7939D603B57}.Debug|Any CPU.ActiveCfg = Debug|Any CPU
		{FD20A8FB-CAB3-44D5-B857-F7939D603B57}.Debug|Any CPU.Build.0 = Debug|Any CPU
		{FD20A8FB-CAB3-44D5-B857-F7939D603B57}.Release|Any CPU.ActiveCfg = Release|Any CPU
		{FD20A8FB-CAB3-44D5-B857-F7939D603B57}.Release|Any CPU.Build.0 = Release|Any CPU
	EndGlobalSection
	GlobalSection(SolutionProperties) = preSolution
		HideSolutionNode = FALSE
	EndGlobalSection
	GlobalSection(ExtensibilityGlobals) = postSolution
		SolutionGuid = {42CF3FAB-2B33-4466-B573-2E19669F8EDD}
	EndGlobalSection
EndGlobal
